
Microsoft Visual Studio Solution File, Format Version 12.00
# Visual Studio Version 16
VisualStudioVersion = 16.0.30011.22
MinimumVisualStudioVersion = 10.0.40219.1
Project("{9A19103F-16F7-4668-BE54-9A1E7A4F7556}") = "Concurrencia.Console", "Concurrencia\Concurrencia.Console.csproj", "{19C10D26-F6CD-433A-8247-832617651A7A}"
EndProject
Project("{FAE04EC0-301F-11D3-BF4B-00C04F79EFBC}") = "WindowsFormsApp1", "WindowsFormsApp1\WindowsFormsApp1.csproj", "{F6AAE697-8C4E-4EAD-8BA0-BB206BB55658}"
EndProject
Project("{9A19103F-16F7-4668-BE54-9A1E7A4F7556}") = "WebApi", "WebApi\WebApi.csproj", "{BEBFDCF6-3110-42B1-ABFE-78631BDFE396}"
EndProject
Project("{9A19103F-16F7-4668-BE54-9A1E7A4F7556}") = "Concurrencia.Console.Tests", "Concurrencia.Console.Tests\Concurrencia.Console.Tests.csproj", "{A3E258B2-7048-4E49-8F92-D64682887632}"
EndProject
Project("{FAE04EC0-301F-11D3-BF4B-00C04F79EFBC}") = "Ensayo", "Ensayo\Ensayo.csproj", "{02462867-CBF0-4B22-928E-B179EBB4B1FC}"
EndProject
Project("{FAE04EC0-301F-11D3-BF4B-00C04F79EFBC}") = "ConsoleApp4", "ConsoleApp4\ConsoleApp4.csproj", "{FED3877F-CB55-4F8C-AF1F-4285EAD5C53E}"
EndProject
Project("{FAE04EC0-301F-11D3-BF4B-00C04F79EFBC}") = "ThreadingCourse", "ThreadingCourse\ThreadingCourse.csproj", "{917A353C-7DB2-4886-B0BC-C26E032E87E9}"
EndProject
Global
	GlobalSection(SolutionConfigurationPlatforms) = preSolution
		Debug|Any CPU = Debug|Any CPU
		Release|Any CPU = Release|Any CPU
	EndGlobalSection
	GlobalSection(ProjectConfigurationPlatforms) = postSolution
		{19C10D26-F6CD-433A-8247-832617651A7A}.Debug|Any CPU.ActiveCfg = Debug|Any CPU
		{19C10D26-F6CD-433A-8247-832617651A7A}.Debug|Any CPU.Build.0 = Debug|Any CPU
		{19C10D26-F6CD-433A-8247-832617651A7A}.Release|Any CPU.ActiveCfg = Release|Any CPU
		{19C10D26-F6CD-433A-8247-832617651A7A}.Release|Any CPU.Build.0 = Release|Any CPU
		{F6AAE697-8C4E-4EAD-8BA0-BB206BB55658}.Debug|Any CPU.ActiveCfg = Debug|Any CPU
		{F6AAE697-8C4E-4EAD-8BA0-BB206BB55658}.Debug|Any CPU.Build.0 = Debug|Any CPU
		{F6AAE697-8C4E-4EAD-8BA0-BB206BB55658}.Release|Any CPU.ActiveCfg = Release|Any CPU
		{F6AAE697-8C4E-4EAD-8BA0-BB206BB55658}.Release|Any CPU.Build.0 = Release|Any CPU
		{BEBFDCF6-3110-42B1-ABFE-78631BDFE396}.Debug|Any CPU.ActiveCfg = Debug|Any CPU
		{BEBFDCF6-3110-42B1-ABFE-78631BDFE396}.Debug|Any CPU.Build.0 = Debug|Any CPU
		{BEBFDCF6-3110-42B1-ABFE-78631BDFE396}.Release|Any CPU.ActiveCfg = Release|Any CPU
		{BEBFDCF6-3110-42B1-ABFE-78631BDFE396}.Release|Any CPU.Build.0 = Release|Any CPU
		{A3E258B2-7048-4E49-8F92-D64682887632}.Debug|Any CPU.ActiveCfg = Debug|Any CPU
		{A3E258B2-7048-4E49-8F92-D64682887632}.Debug|Any CPU.Build.0 = Debug|Any CPU
		{A3E258B2-7048-4E49-8F92-D64682887632}.Release|Any CPU.ActiveCfg = Release|Any CPU
		{A3E258B2-7048-4E49-8F92-D64682887632}.Release|Any CPU.Build.0 = Release|Any CPU
		{02462867-CBF0-4B22-928E-B179EBB4B1FC}.Debug|Any CPU.ActiveCfg = Debug|Any CPU
		{02462867-CBF0-4B22-928E-B179EBB4B1FC}.Debug|Any CPU.Build.0 = Debug|Any CPU
		{02462867-CBF0-4B22-928E-B179EBB4B1FC}.Release|Any CPU.ActiveCfg = Release|Any CPU
		{02462867-CBF0-4B22-928E-B179EBB4B1FC}.Release|Any CPU.Build.0 = Release|Any CPU
		{FED3877F-CB55-4F8C-AF1F-4285EAD5C53E}.Debug|Any CPU.ActiveCfg = Debug|Any CPU
		{FED3877F-CB55-4F8C-AF1F-4285EAD5C53E}.Debug|Any CPU.Build.0 = Debug|Any CPU
		{FED3877F-CB55-4F8C-AF1F-4285EAD5C53E}.Release|Any CPU.ActiveCfg = Release|Any CPU
		{FED3877F-CB55-4F8C-AF1F-4285EAD5C53E}.Release|Any CPU.Build.0 = Release|Any CPU
		{917A353C-7DB2-4886-B0BC-C26E032E87E9}.Debug|Any CPU.ActiveCfg = Debug|Any CPU
		{917A353C-7DB2-4886-B0BC-C26E032E87E9}.Debug|Any CPU.Build.0 = Debug|Any CPU
		{917A353C-7DB2-4886-B0BC-C26E032E87E9}.Release|Any CPU.ActiveCfg = Release|Any CPU
		{917A353C-7DB2-4886-B0BC-C26E032E87E9}.Release|Any CPU.Build.0 = Release|Any CPU
	EndGlobalSection
	GlobalSection(SolutionProperties) = preSolution
		HideSolutionNode = FALSE
	EndGlobalSection
	GlobalSection(ExtensibilityGlobals) = postSolution
		SolutionGuid = {E07315CC-B8EE-4804-A57B-4930BFBF532D}
	EndGlobalSection
EndGlobal
